<Solution>
  <Configurations>
    <Platform Name="ARM64" />
    <Platform Name="x64" />
  </Configurations>
  <Project Path="SocksOverRDP-Plugin/SocksOverRDP-Plugin.vcxproj" Id="9402df45-a060-4881-9f64-d16e094b97a7" />
  <Project Path="SocksOverRDP-Server/SocksOverRDP-Server.vcxproj" Id="c7e1d0a7-0ada-4df4-99da-8527e856670f">
    <Platform Solution="Release|ARM64" Project="x64" />
  </Project>
  <Project Path="Windows 365 Ethernet Redirection/Windows 365 Ethernet Redirection.csproj">
    <Platform Solution="Release|*" Project="x64" />
  </Project>
</Solution>
